{
    "_meta": {
        "hash": {
            "sha256": "a1b2c3d4e5f6a1b2c3d4e5f6a1b2c3d4e5f6a1b2c3d4e5f6a1b2c3d4e5f6a1b2"
        },
        "pipfile-spec": 6,
        "requires": {
            "python_version": "3.9"
        },
        "sources": [
            {
                "name": "pypi",
                "url": "https://pypi.org/simple",
                "verify_ssl": true
            }
        ]
    },
    "default": {
        "flask": {
            "hashes": ["sha256:0000000000000000000000000000000000000000000000000000000000000001"],
            "index": "pypi",
            "version": "==2.0.1"
        },
        "werkzeug": {
            "hashes": ["sha256:0000000000000000000000000000000000000000000000000000000000000002"],
            "index": "pypi",
            "version": "==2.0.1"
        },
        "pyjwt": {
            "hashes": ["sha256:0000000000000000000000000000000000000000000000000000000000000003"],
            "index": "pypi",
            "version": "==2.4.0"
        },
        "flask-swagger-ui": {
            "hashes": ["sha256:0000000000000000000000000000000000000000000000000000000000000004"],
            "index": "pypi",
            "version": "==4.11.1"
        },
        "flask-cors": {
            "hashes": ["sha256:0000000000000000000000000000000000000000000000000000000000000005"],
            "index": "pypi",
            "version": "==4.0.0"
        },
        "psycopg2-binary": {
            "hashes": ["sha256:0000000000000000000000000000000000000000000000000000000000000006"],
            "index": "pypi",
            "version": "==2.9.9"
        },
        "python-dotenv": {
            "hashes": ["sha256:0000000000000000000000000000000000000000000000000000000000000007"],
            "index": "pypi",
            "version": "==1.0.0"
        },
        "requests": {
            "hashes": ["sha256:0000000000000000000000000000000000000000000000000000000000000008"],
            "index": "pypi",
            "version": "==2.31.0"
        },
        "pyyaml": {
            "hashes": ["sha256:0000000000000000000000000000000000000000000000000000000000000009"],
            "index": "pypi",
            "version": "==5.3.1"
        },
        "pillow": {
            "hashes": ["sha256:000000000000000000000000000000000000000000000000000000000000000a"],
            "index": "pypi",
            "version": "==9.0.0"
        },
        "pycrypto": {
            "hashes": ["sha256:000000000000000000000000000000000000000000000000000000000000000b"],
            "index": "pypi",
            "version": "==2.6.1"
        },
        "lxml": {
            "hashes": ["sha256:000000000000000000000000000000000000000000000000000000000000000c"],
            "index": "pypi",
            "version": "==4.6.1"
        },
        "py": {
            "hashes": ["sha256:000000000000000000000000000000000000000000000000000000000000000d"],
            "index": "pypi",
            "version": "==1.11.0"
        },
        "urllib3": {
            "hashes": ["sha256:000000000000000000000000000000000000000000000000000000000000000e"],
            "version": "==1.24.1"
        },
        "jinja2": {
            "hashes": ["sha256:000000000000000000000000000000000000000000000000000000000000000f"],
            "version": "==2.10.1"
        },
        "markupsafe": {
            "hashes": ["sha256:0000000000000000000000000000000000000000000000000000000000000010"],
            "version": "==1.1.1"
        },
        "certifi": {
            "hashes": ["sha256:0000000000000000000000000000000000000000000000000000000000000011"],
            "version": "==2019.3.9"
        },
        "chardet": {
            "hashes": ["sha256:0000000000000000000000000000000000000000000000000000000000000012"],
            "version": "==3.0.4"
        },
        "idna": {
            "hashes": ["sha256:0000000000000000000000000000000000000000000000000000000000000013"],
            "version": "==2.8"
        },
        "itsdangerous": {
            "hashes": ["sha256:0000000000000000000000000000000000000000000000000000000000000014"],
            "version": "==1.1.0"
        },
        "click": {
            "hashes": ["sha256:0000000000000000000000000000000000000000000000000000000000000015"],
            "version": "==7.1.2"
        },
        "setuptools": {
            "hashes": ["sha256:0000000000000000000000000000000000000000000000000000000000000016"],
            "version": "==45.0.0"
        }
    },
    "develop": {}
}
